
Microsoft Visual Studio Solution File, Format Version 12.00
# Visual Studio Version 16
VisualStudioVersion = 16.0.30907.101
MinimumVisualStudioVersion = 10.0.40219.1
Project("{FAE04EC0-301F-11D3-BF4B-00C04F79EFBC}") = "PortWineTest", "PortWine\PortWineTest.csproj", "{B593DDA2-F559-4EEB-8298-5DB53D1D5078}"
EndProject
Project("{FAE04EC0-301F-11D3-BF4B-00C04F79EFBC}") = "PortWine", "PortWineLib\PortWine.csproj", "{9F52447B-0C16-4DAE-91A4-2BE2BE9CFCD5}"
EndProject
Global
	GlobalSection(SolutionConfigurationPlatforms) = preSolution
		Debug|Any CPU = Debug|Any CPU
		Release|Any CPU = Release|Any CPU
	EndGlobalSection
	GlobalSection(ProjectConfigurationPlatforms) = postSolution
		{B593DDA2-F559-4EEB-8298-5DB53D1D5078}.Debug|Any CPU.ActiveCfg = Debug|Any CPU
		{B593DDA2-F559-4EEB-8298-5DB53D1D5078}.Debug|Any CPU.Build.0 = Debug|Any CPU
		{B593DDA2-F559-4EEB-8298-5DB53D1D5078}.Release|Any CPU.ActiveCfg = Release|Any CPU
		{B593DDA2-F559-4EEB-8298-5DB53D1D5078}.Release|Any CPU.Build.0 = Release|Any CPU
		{9F52447B-0C16-4DAE-91A4-2BE2BE9CFCD5}.Debug|Any CPU.ActiveCfg = Debug|Any CPU
		{9F52447B-0C16-4DAE-91A4-2BE2BE9CFCD5}.Debug|Any CPU.Build.0 = Debug|Any CPU
		{9F52447B-0C16-4DAE-91A4-2BE2BE9CFCD5}.Release|Any CPU.ActiveCfg = Release|Any CPU
		{9F52447B-0C16-4DAE-91A4-2BE2BE9CFCD5}.Release|Any CPU.Build.0 = Release|Any CPU
	EndGlobalSection
	GlobalSection(SolutionProperties) = preSolution
		HideSolutionNode = FALSE
	EndGlobalSection
	GlobalSection(ExtensibilityGlobals) = postSolution
		SolutionGuid = {18C551E8-4661-465F-A79F-340FDFB28B12}
	EndGlobalSection
EndGlobal
